
Microsoft Visual Studio Solution File, Format Version 12.00
# Visual Studio Version 16
VisualStudioVersion = 16.0.31205.134
MinimumVisualStudioVersion = 10.0.40219.1
Project("{9A19103F-16F7-4668-BE54-9A1E7A4F7556}") = "MyFinance", "MyFinance\MyFinance.csproj", "{1015E654-36AF-4A4E-A4F2-05509FF0C1F2}"
EndProject
Project("{9A19103F-16F7-4668-BE54-9A1E7A4F7556}") = "MyFinance.Core", "MyFinance.Core\MyFinance.Core.csproj", "{C61886E2-1899-4CA4-90F3-84086050963E}"
EndProject
Project("{9A19103F-16F7-4668-BE54-9A1E7A4F7556}") = "MyFinance.Tools", "MyFinance.Tools\MyFinance.Tools.csproj", "{F71F7844-83B1-4DA3-BB7F-0C740116397D}"
EndProject
Project("{9A19103F-16F7-4668-BE54-9A1E7A4F7556}") = "MyFinance.BorderModels", "MyFinance.ResponseModels\MyFinance.BorderModels.csproj", "{1A7A349C-B907-4526-9BF7-E9D41E4F3FE7}"
EndProject
Global
	GlobalSection(SolutionConfigurationPlatforms) = preSolution
		Debug|Any CPU = Debug|Any CPU
		Release|Any CPU = Release|Any CPU
	EndGlobalSection
	GlobalSection(ProjectConfigurationPlatforms) = postSolution
		{1015E654-36AF-4A4E-A4F2-05509FF0C1F2}.Debug|Any CPU.ActiveCfg = Debug|Any CPU
		{1015E654-36AF-4A4E-A4F2-05509FF0C1F2}.Debug|Any CPU.Build.0 = Debug|Any CPU
		{1015E654-36AF-4A4E-A4F2-05509FF0C1F2}.Release|Any CPU.ActiveCfg = Release|Any CPU
		{1015E654-36AF-4A4E-A4F2-05509FF0C1F2}.Release|Any CPU.Build.0 = Release|Any CPU
		{C61886E2-1899-4CA4-90F3-84086050963E}.Debug|Any CPU.ActiveCfg = Debug|Any CPU
		{C61886E2-1899-4CA4-90F3-84086050963E}.Debug|Any CPU.Build.0 = Debug|Any CPU
		{C61886E2-1899-4CA4-90F3-84086050963E}.Release|Any CPU.ActiveCfg = Release|Any CPU
		{C61886E2-1899-4CA4-90F3-84086050963E}.Release|Any CPU.Build.0 = Release|Any CPU
		{F71F7844-83B1-4DA3-BB7F-0C740116397D}.Debug|Any CPU.ActiveCfg = Debug|Any CPU
		{F71F7844-83B1-4DA3-BB7F-0C740116397D}.Debug|Any CPU.Build.0 = Debug|Any CPU
		{F71F7844-83B1-4DA3-BB7F-0C740116397D}.Release|Any CPU.ActiveCfg = Release|Any CPU
		{F71F7844-83B1-4DA3-BB7F-0C740116397D}.Release|Any CPU.Build.0 = Release|Any CPU
		{1A7A349C-B907-4526-9BF7-E9D41E4F3FE7}.Debug|Any CPU.ActiveCfg = Debug|Any CPU
		{1A7A349C-B907-4526-9BF7-E9D41E4F3FE7}.Debug|Any CPU.Build.0 = Debug|Any CPU
		{1A7A349C-B907-4526-9BF7-E9D41E4F3FE7}.Release|Any CPU.ActiveCfg = Release|Any CPU
		{1A7A349C-B907-4526-9BF7-E9D41E4F3FE7}.Release|Any CPU.Build.0 = Release|Any CPU
	EndGlobalSection
	GlobalSection(SolutionProperties) = preSolution
		HideSolutionNode = FALSE
	EndGlobalSection
	GlobalSection(ExtensibilityGlobals) = postSolution
		SolutionGuid = {075A1484-5B7B-4AC8-94ED-C7FE16D53A4A}
	EndGlobalSection
EndGlobal
